# This file is autogenerated, do not edit; changes may be undone by the next 'dep ensure'.


[[projects]]
  digest = "1:d0e487cb47a2c3ab0a831a946cf5fc9b845bdbc8441620f56a49f1ca75505c81"
  name = "github.com/DataDog/datadog-go"
  packages = ["statsd"]
  pruneopts = "UT"
  revision = "ee4b28bb65ba11a2cbbe6813fa89281626b4b463"
  version = "v3.7.1"

[[projects]]
  digest = "1:3adf0ef092abc82d9beeaa4473a798cb1b8ebae3c68ddb1b30eea52770c86f82"
  name = "github.com/felixge/httpsnoop"
  packages = ["."]
  pruneopts = "UT"
  revision = "33ec42cfe005395fb4cc4b296781f65d7ffef2c3"
  version = "v1.0.1"

[[projects]]
  digest = "1:84a35669b4b31cc20ffc89c3b2ab32f2189fb2366a973efa1c25e009ef6ae1c6"
  name = "github.com/julienschmidt/httprouter"
  packages = ["."]
  pruneopts = "UT"
  revision = "4eec211fa4e8df74ed978dc5681612131854144f"
  version = "v1.3.0"

[[projects]]
  digest = "1:6dbdb48005dbf5814c8a9ccf12fc25a4f1c2c19d6261815c5b16558fe489afe8"
  name = "github.com/klauspost/compress"
  packages = [
    "flate",
    "gzip",
    "zlib",
  ]
  pruneopts = "UT"
  revision = "4a2d40e4b07e5b3d333bc0569facd0f2dbf4ef39"
  version = "v1.10.5"

[[projects]]
  digest = "1:09cb61dc19af93deae01587e2fdb1c081e0bf48f1a5ad5fa24f48750dc57dce8"
  name = "github.com/konsorten/go-windows-terminal-sequences"
  packages = ["."]
  pruneopts = "UT"
  revision = "edb144dfd453055e1e49a3d8b410a660b5a87613"
  version = "v1.0.3"

[[projects]]
  digest = "1:9e1d37b58d17113ec3cb5608ac0382313c5b59470b94ed97d0976e69c7022314"
  name = "github.com/pkg/errors"
  packages = ["."]
  pruneopts = "UT"
  revision = "614d223910a179a466c1767a985424175c39b465"
  version = "v0.9.1"

[[projects]]
  digest = "1:05eebdd5727fea23083fce0d98d307d70c86baed644178e81608aaa9f09ea469"
  name = "github.com/sirupsen/logrus"
  packages = ["."]
  pruneopts = "UT"
  revision = "60c74ad9be0d874af0ab0daef6ab07c5c5911f0d"
  version = "v1.6.0"

[[projects]]
  branch = "master"
  digest = "1:0644a3f386a249fe9e93a2e75005326b8ed893c4463dc603b51de2282d51c931"
  name = "github.com/tokopedia/dexter"
  packages = ["profx/integration"]
  pruneopts = "UT"
  revision = "2bbeb5da7e3ace6a6080fbe5a9334bce549cb560"

[[projects]]
  digest = "1:c468422f334a6b46a19448ad59aaffdfc0a36b08fdcc1c749a0b29b6453d7e59"
  name = "github.com/valyala/bytebufferpool"
  packages = ["."]
  pruneopts = "UT"
  revision = "e746df99fe4a3986f4d4f79e13c1e0117ce9c2f7"
  version = "v1.0.0"

[[projects]]
  digest = "1:6301ec20b1f40ce8463de7ad70ce75e6dce197bae76cb129c2cfdf4ec53ca62a"
  name = "github.com/valyala/fasthttp"
  packages = [
    ".",
    "fasthttputil",
    "reuseport",
    "stackless",
  ]
  pruneopts = "UT"
  revision = "e5f51c11919d4f66400334047b897ef0a94c6f3c"
  version = "v20180529"

[[projects]]
  branch = "master"
  digest = "1:8507835fade46d48a94828b351e1f8fb83df1aa65ba1e67c9493b0a1b47abc73"
  name = "github.com/valyala/tcplisten"
  packages = ["."]
  pruneopts = "UT"
  revision = "ceec8f93295a060cdb565ec25e4ccf17941dbd55"

[[projects]]
  branch = "master"
  digest = "1:020620a097c2bfd056c8db7d31a69ea2cfed874ce985763dcd9ae00f9fa5f74b"
  name = "golang.org/x/sys"
  packages = [
    "internal/unsafeheader",
    "unix",
  ]
  pruneopts = "UT"
  revision = "417ce2331b5c91eea36730d3e1739adb75193be2"

[[projects]]
  digest = "1:38cb4759428493e0b02eade2f8d2920eb55a8fb35acb45de3247f0fbeab81b78"
  name = "gopkg.in/gcfg.v1"
  packages = [
    ".",
    "scanner",
    "token",
    "types",
  ]
  pruneopts = "UT"
  revision = "61b2c08bc8f6068f7c5ca684372f9a6cb1c45ebe"
  version = "v1.2.3"

[[projects]]
  branch = "v1.0"
  digest = "1:3b8abb011c6f0d1d7115e4877e11f87bacc834b28a66d054c4bab008b65c51ca"
  name = "gopkg.in/tokopedia/grace.v1"
  packages = ["."]
  pruneopts = "UT"
  revision = "f3242e67d9aab49fd51bc85b5a87460080243fbb"

[[projects]]
  digest = "1:43b8a34f6390d8fbdcfd300ed52103064e9eaaecc7e50b7e3518fe246ebe8403"
  name = "gopkg.in/tylerb/graceful.v1"
  packages = ["."]
  pruneopts = "UT"
  revision = "4654dfbb6ad53cb5e27f37d99b02e16c1872fbbb"
  version = "v1.2.15"

[[projects]]
  digest = "1:78d374b493e747afa9fbb2119687e3740a7fb8d0ebabddfef0a012593aaecbb3"
  name = "gopkg.in/warnings.v0"
  packages = ["."]
  pruneopts = "UT"
  revision = "ec4a0fea49c7b46c2aeb0b51aac55779c607e52b"
  version = "v0.1.2"

[solve-meta]
  analyzer-name = "dep"
  analyzer-version = 1
  input-imports = [
    "github.com/DataDog/datadog-go/statsd",
    "github.com/felixge/httpsnoop",
    "github.com/julienschmidt/httprouter",
    "github.com/pkg/errors",
    "github.com/sirupsen/logrus",
    "github.com/tokopedia/dexter/profx/integration",
    "gopkg.in/gcfg.v1",
    "gopkg.in/tokopedia/grace.v1",
  ]
  solver-name = "gps-cdcl"
  solver-version = 1
